// !$*UTF8*$!
{
	archiveVersion = 1;
	classes = {
	};
	objectVersion = 48;
	objects = {

/* Begin PBXBuildFile section */
		736F9A951F7AE52E000E9392 /* AppDelegate.swift in Sources */ = {isa = PBXBuildFile; fileRef = 736F9A941F7AE52E000E9392 /* AppDelegate.swift */; };
		736F9A971F7AE52E000E9392 /* ViewController.swift in Sources */ = {isa = PBXBuildFile; fileRef = 736F9A961F7AE52E000E9392 /* ViewController.swift */; };
		736F9A9A1F7AE52E000E9392 /* Main.storyboard in Resources */ = {isa = PBXBuildFile; fileRef = 736F9A981F7AE52E000E9392 /* Main.storyboard */; };
		736F9A9C1F7AE52E000E9392 /* Assets.xcassets in Resources */ = {isa = PBXBuildFile; fileRef = 736F9A9B1F7AE52E000E9392 /* Assets.xcassets */; };
		736F9A9F1F7AE52E000E9392 /* LaunchScreen.storyboard in Resources */ = {isa = PBXBuildFile; fileRef = 736F9A9D1F7AE52E000E9392 /* LaunchScreen.storyboard */; };
		736F9AAA1F7AE52E000E9392 /* Postcard_2Tests.swift in Sources */ = {isa = PBXBuildFile; fileRef = 736F9AA91F7AE52E000E9392 /* Postcard_2Tests.swift */; };
		736F9AB51F7AE52E000E9392 /* Postcard_2UITests.swift in Sources */ = {isa = PBXBuildFile; fileRef = 736F9AB41F7AE52E000E9392 /* Postcard_2UITests.swift */; };
/* End PBXBuildFile section */

/* Begin PBXContainerItemProxy section */
		736F9AA61F7AE52E000E9392 /* PBXContainerItemProxy */ = {
			isa = PBXContainerItemProxy;
			containerPortal = 736F9A891F7AE52E000E9392 /* Project object */;
			proxyType = 1;
			remoteGlobalIDString = 736F9A901F7AE52E000E9392;
			remoteInfo = "Postcard 2";
		};
		736F9AB11F7AE52E000E9392 /* PBXContainerItemProxy */ = {
			isa = PBXContainerItemProxy;
			containerPortal = 736F9A891F7AE52E000E9392 /* Project object */;
			proxyType = 1;
			remoteGlobalIDString = 736F9A901F7AE52E000E9392;
			remoteInfo = "Postcard 2";
		};
/* End PBXContainerItemProxy section */

/* Begin PBXFileReference section */
		736F9A911F7AE52E000E9392 /* Postcard 2.app */ = {isa = PBXFileReference; explicitFileType = wrapper.application; includeInIndex = 0; path = "Postcard 2.app"; sourceTree = BUILT_PRODUCTS_DIR; };
		736F9A941F7AE52E000E9392 /* AppDelegate.swift */ = {isa = PBXFileReference; lastKnownFileType = sourcecode.swift; path = AppDelegate.swift; sourceTree = "<group>"; };
		736F9A961F7AE52E000E9392 /* ViewController.swift */ = {isa = PBXFileReference; lastKnownFileType = sourcecode.swift; path = ViewController.swift; sourceTree = "<group>"; };
		736F9A991F7AE52E000E9392 /* Base */ = {isa = PBXFileReference; lastKnownFileType = file.storyboard; name = Base; path = Base.lproj/Main.storyboard; sourceTree = "<group>"; };
		736F9A9B1F7AE52E000E9392 /* Assets.xcassets */ = {isa = PBXFileReference; lastKnownFileType = folder.assetcatalog; path = Assets.xcassets; sourceTree = "<group>"; };
		736F9A9E1F7AE52E000E9392 /* Base */ = {isa = PBXFileReference; lastKnownFileType = file.storyboard; name = Base; path = Base.lproj/LaunchScreen.storyboard; sourceTree = "<group>"; };
		736F9AA01F7AE52E000E9392 /* Info.plist */ = {isa = PBXFileReference; lastKnownFileType = text.plist.xml; path = Info.plist; sourceTree = "<group>"; };
		736F9AA51F7AE52E000E9392 /* Postcard 2Tests.xctest */ = {isa = PBXFileReference; explicitFileType = wrapper.cfbundle; includeInIndex = 0; path = "Postcard 2Tests.xctest"; sourceTree = BUILT_PRODUCTS_DIR; };
		736F9AA91F7AE52E000E9392 /* Postcard_2Tests.swift */ = {isa = PBXFileReference; lastKnownFileType = sourcecode.swift; path = Postcard_2Tests.swift; sourceTree = "<group>"; };
		736F9AAB1F7AE52E000E9392 /* Info.plist */ = {isa = PBXFileReference; lastKnownFileType = text.plist.xml; path = Info.plist; sourceTree = "<group>"; };
		736F9AB01F7AE52E000E9392 /* Postcard 2UITests.xctest */ = {isa = PBXFileReference; explicitFileType = wrapper.cfbundle; includeInIndex = 0; path = "Postcard 2UITests.xctest"; sourceTree = BUILT_PRODUCTS_DIR; };
		736F9AB41F7AE52E000E9392 /* Postcard_2UITests.swift */ = {isa = PBXFileReference; lastKnownFileType = sourcecode.swift; path = Postcard_2UITests.swift; sourceTree = "<group>"; };
		736F9AB61F7AE52E000E9392 /* Info.plist */ = {isa = PBXFileReference; lastKnownFileType = text.plist.xml; path = Info.plist; sourceTree = "<group>"; };
/* End PBXFileReference section */

/* Begin PBXFrameworksBuildPhase section */
		736F9A8E1F7AE52E000E9392 /* Frameworks */ = {
			isa = PBXFrameworksBuildPhase;
			buildActionMask = 2147483647;
			files = (
			);
			runOnlyForDeploymentPostprocessing = 0;
		};
		736F9AA21F7AE52E000E9392 /* Frameworks */ = {
			isa = PBXFrameworksBuildPhase;
			buildActionMask = 2147483647;
			files = (
			);
			runOnlyForDeploymentPostprocessing = 0;
		};
		736F9AAD1F7AE52E000E9392 /* Frameworks */ = {
			isa = PBXFrameworksBuildPhase;
			buildActionMask = 2147483647;
			files = (
			);
			runOnlyForDeploymentPostprocessing = 0;
		};
/* End PBXFrameworksBuildPhase section */

/* Begin PBXGroup section */
		736F9A881F7AE52E000E9392 = {
			isa = PBXGroup;
			children = (
				736F9A931F7AE52E000E9392 /* Postcard 2 */,
				736F9AA81F7AE52E000E9392 /* Postcard 2Tests */,
				736F9AB31F7AE52E000E9392 /* Postcard 2UITests */,
				736F9A921F7AE52E000E9392 /* Products */,
			);
			sourceTree = "<group>";
		};
		736F9A921F7AE52E000E9392 /* Products */ = {
			isa = PBXGroup;
			children = (
				736F9A911F7AE52E000E9392 /* Postcard 2.app */,
				736F9AA51F7AE52E000E9392 /* Postcard 2Tests.xctest */,
				736F9AB01F7AE52E000E9392 /* Postcard 2UITests.xctest */,
			);
			name = Products;
			sourceTree = "<group>";
		};
		736F9A931F7AE52E000E9392 /* Postcard 2 */ = {
			isa = PBXGroup;
			children = (
				736F9A941F7AE52E000E9392 /* AppDelegate.swift */,
				736F9A961F7AE52E000E9392 /* ViewController.swift */,
				736F9A981F7AE52E000E9392 /* Main.storyboard */,
				736F9A9B1F7AE52E000E9392 /* Assets.xcassets */,
				736F9A9D1F7AE52E000E9392 /* LaunchScreen.storyboard */,
				736F9AA01F7AE52E000E9392 /* Info.plist */,
			);
			path = "Postcard 2";
			sourceTree = "<group>";
		};
		736F9AA81F7AE52E000E9392 /* Postcard 2Tests */ = {
			isa = PBXGroup;
			children = (
				736F9AA91F7AE52E000E9392 /* Postcard_2Tests.swift */,
				736F9AAB1F7AE52E000E9392 /* Info.plist */,
			);
			path = "Postcard 2Tests";
			sourceTree = "<group>";
		};
		736F9AB31F7AE52E000E9392 /* Postcard 2UITests */ = {
			isa = PBXGroup;
			children = (
				736F9AB41F7AE52E000E9392 /* Postcard_2UITests.swift */,
				736F9AB61F7AE52E000E9392 /* Info.plist */,
			);
			path = "Postcard 2UITests";
			sourceTree = "<group>";
		};
/* End PBXGroup section */

/* Begin PBXNativeTarget section */
		736F9A901F7AE52E000E9392 /* Postcard 2 */ = {
			isa = PBXNativeTarget;
			buildConfigurationList = 736F9AB91F7AE52E000E9392 /* Build configuration list for PBXNativeTarget "Postcard 2" */;
			buildPhases = (
				736F9A8D1F7AE52E000E9392 /* Sources */,
				736F9A8E1F7AE52E000E9392 /* Frameworks */,
				736F9A8F1F7AE52E000E9392 /* Resources */,
			);
			buildRules = (
			);
			dependencies = (
			);
			name = "Postcard 2";
			productName = "Postcard 2";
			productReference = 736F9A911F7AE52E000E9392 /* Postcard 2.app */;
			productType = "com.apple.product-type.application";
		};
		736F9AA41F7AE52E000E9392 /* Postcard 2Tests */ = {
			isa = PBXNativeTarget;
			buildConfigurationList = 736F9ABC1F7AE52E000E9392 /* Build configuration list for PBXNativeTarget "Postcard 2Tests" */;
			buildPhases = (
				736F9AA11F7AE52E000E9392 /* Sources */,
				736F9AA21F7AE52E000E9392 /* Frameworks */,
				736F9AA31F7AE52E000E9392 /* Resources */,
			);
			buildRules = (
			);
			dependencies = (
				736F9AA71F7AE52E000E9392 /* PBXTargetDependency */,
			);
			name = "Postcard 2Tests";
			productName = "Postcard 2Tests";
			productReference = 736F9AA51F7AE52E000E9392 /* Postcard 2Tests.xctest */;
			productType = "com.apple.product-type.bundle.unit-test";
		};
		736F9AAF1F7AE52E000E9392 /* Postcard 2UITests */ = {
			isa = PBXNativeTarget;
			buildConfigurationList = 736F9ABF1F7AE52E000E9392 /* Build configuration list for PBXNativeTarget "Postcard 2UITests" */;
			buildPhases = (
				736F9AAC1F7AE52E000E9392 /* Sources */,
				736F9AAD1F7AE52E000E9392 /* Frameworks */,
				736F9AAE1F7AE52E000E9392 /* Resources */,
			);
			buildRules = (
			);
			dependencies = (
				736F9AB21F7AE52E000E9392 /* PBXTargetDependency */,
			);
			name = "Postcard 2UITests";
			productName = "Postcard 2UITests";
			productReference = 736F9AB01F7AE52E000E9392 /* Postcard 2UITests.xctest */;
			productType = "com.apple.product-type.bundle.ui-testing";
		};
/* End PBXNativeTarget section */

/* Begin PBXProject section */
		736F9A891F7AE52E000E9392 /* Project object */ = {
			isa = PBXProject;
			attributes = {
				LastSwiftUpdateCheck = 0900;
				LastUpgradeCheck = 0900;
				ORGANIZATIONNAME = "Stuart Ross";
				TargetAttributes = {
					736F9A901F7AE52E000E9392 = {
						CreatedOnToolsVersion = 9.0;
						ProvisioningStyle = Automatic;
					};
					736F9AA41F7AE52E000E9392 = {
						CreatedOnToolsVersion = 9.0;
						ProvisioningStyle = Automatic;
						TestTargetID = 736F9A901F7AE52E000E9392;
					};
					736F9AAF1F7AE52E000E9392 = {
						CreatedOnToolsVersion = 9.0;
						ProvisioningStyle = Automatic;
						TestTargetID = 736F9A901F7AE52E000E9392;
					};
				};
			};
			buildConfigurationList = 736F9A8C1F7AE52E000E9392 /* Build configuration list for PBXProject "Postcard 2" */;
			compatibilityVersion = "Xcode 8.0";
			developmentRegion = en;
			hasScannedForEncodings = 0;
			knownRegions = (
				en,
				Base,
			);
			mainGroup = 736F9A881F7AE52E000E9392;
			productRefGroup = 736F9A921F7AE52E000E9392 /* Products */;
			projectDirPath = "";
			projectRoot = "";
			targets = (
				736F9A901F7AE52E000E9392 /* Postcard 2 */,
				736F9AA41F7AE52E000E9392 /* Postcard 2Tests */,
				736F9AAF1F7AE52E000E9392 /* Postcard 2UITests */,
			);
		};
/* End PBXProject section */

/* Begin PBXResourcesBuildPhase section */
		736F9A8F1F7AE52E000E9392 /* Resources */ = {
			isa = PBXResourcesBuildPhase;
			buildActionMask = 2147483647;
			files = (
				736F9A9F1F7AE52E000E9392 /* LaunchScreen.storyboard in Resources */,
				736F9A9C1F7AE52E000E9392 /* Assets.xcassets in Resources */,
				736F9A9A1F7AE52E000E9392 /* Main.storyboard in Resources */,
			);
			runOnlyForDeploymentPostprocessing = 0;
		};
		736F9AA31F7AE52E000E9392 /* Resources */ = {
			isa = PBXResourcesBuildPhase;
			buildActionMask = 2147483647;
			files = (
			);
			runOnlyForDeploymentPostprocessing = 0;
		};
		736F9AAE1F7AE52E000E9392 /* Resources */ = {
			isa = PBXResourcesBuildPhase;
			buildActionMask = 2147483647;
			files = (
			);
			runOnlyForDeploymentPostprocessing = 0;
		};
/* End PBXResourcesBuildPhase section */

/* Begin PBXSourcesBuildPhase section */
		736F9A8D1F7AE52E000E9392 /* Sources */ = {
			isa = PBXSourcesBuildPhase;
			buildActionMask = 2147483647;
			files = (
				736F9A971F7AE52E000E9392 /* ViewController.swift in Sources */,
				736F9A951F7AE52E000E9392 /* AppDelegate.swift in Sources */,
			);
			runOnlyForDeploymentPostprocessing = 0;
		};
		736F9AA11F7AE52E000E9392 /* Sources */ = {
			isa = PBXSourcesBuildPhase;
			buildActionMask = 2147483647;
			files = (
				736F9AAA1F7AE52E000E9392 /* Postcard_2Tests.swift in Sources */,
			);
			runOnlyForDeploymentPostprocessing = 0;
		};
		736F9AAC1F7AE52E000E9392 /* Sources */ = {
			isa = PBXSourcesBuildPhase;
			buildActionMask = 2147483647;
			files = (
				736F9AB51F7AE52E000E9392 /* Postcard_2UITests.swift in Sources */,
			);
			runOnlyForDeploymentPostprocessing = 0;
		};
/* End PBXSourcesBuildPhase section */

/* Begin PBXTargetDependency section */
		736F9AA71F7AE52E000E9392 /* PBXTargetDependency */ = {
			isa = PBXTargetDependency;
			target = 736F9A901F7AE52E000E9392 /* Postcard 2 */;
			targetProxy = 736F9AA61F7AE52E000E9392 /* PBXContainerItemProxy */;
		};
		736F9AB21F7AE52E000E9392 /* PBXTargetDependency */ = {
			isa = PBXTargetDependency;
			target = 736F9A901F7AE52E000E9392 /* Postcard 2 */;
			targetProxy = 736F9AB11F7AE52E000E9392 /* PBXContainerItemProxy */;
		};
/* End PBXTargetDependency section */

/* Begin PBXVariantGroup section */
		736F9A981F7AE52E000E9392 /* Main.storyboard */ = {
			isa = PBXVariantGroup;
			children = (
				736F9A991F7AE52E000E9392 /* Base */,
			);
			name = Main.storyboard;
			sourceTree = "<group>";
		};
		736F9A9D1F7AE52E000E9392 /* LaunchScreen.storyboard */ = {
			isa = PBXVariantGroup;
			children = (
				736F9A9E1F7AE52E000E9392 /* Base */,
			);
			name = LaunchScreen.storyboard;
			sourceTree = "<group>";
		};
/* End PBXVariantGroup section */

/* Begin XCBuildConfiguration section */
		736F9AB71F7AE52E000E9392 /* Debug */ = {
			isa = XCBuildConfiguration;
			buildSettings = {
				ALWAYS_SEARCH_USER_PATHS = NO;
				CLANG_ANALYZER_NONNULL = YES;
				CLANG_ANALYZER_NUMBER_OBJECT_CONVERSION = YES_AGGRESSIVE;
				CLANG_CXX_LANGUAGE_STANDARD = "gnu++14";
				CLANG_CXX_LIBRARY = "libc++";
				CLANG_ENABLE_MODULES = YES;
				CLANG_ENABLE_OBJC_ARC = YES;
				CLANG_WARN_BLOCK_CAPTURE_AUTORELEASING = YES;
				CLANG_WARN_BOOL_CONVERSION = YES;
				CLANG_WARN_COMMA = YES;
				CLANG_WARN_CONSTANT_CONVERSION = YES;
				CLANG_WARN_DIRECT_OBJC_ISA_USAGE = YES_ERROR;
				CLANG_WARN_DOCUMENTATION_COMMENTS = YES;
				CLANG_WARN_EMPTY_BODY = YES;
				CLANG_WARN_ENUM_CONVERSION = YES;
				CLANG_WARN_INFINITE_RECURSION = YES;
				CLANG_WARN_INT_CONVERSION = YES;
				CLANG_WARN_NON_LITERAL_NULL_CONVERSION = YES;
				CLANG_WARN_OBJC_LITERAL_CONVERSION = YES;
				CLANG_WARN_OBJC_ROOT_CLASS = YES_ERROR;
				CLANG_WARN_RANGE_LOOP_ANALYSIS = YES;
				CLANG_WARN_STRICT_PROTOTYPES = YES;
				CLANG_WARN_SUSPICIOUS_MOVE = YES;
				CLANG_WARN_UNGUARDED_AVAILABILITY = YES_AGGRESSIVE;
				CLANG_WARN_UNREACHABLE_CODE = YES;
				CLANG_WARN__DUPLICATE_METHOD_MATCH = YES;
				CODE_SIGN_IDENTITY = "iPhone Developer";
				COPY_PHASE_STRIP = NO;
				DEBUG_INFORMATION_FORMAT = dwarf;
				ENABLE_STRICT_OBJC_MSGSEND = YES;
				ENABLE_TESTABILITY = YES;
				GCC_C_LANGUAGE_STANDARD = gnu11;
				GCC_DYNAMIC_NO_PIC = NO;
				GCC_NO_COMMON_BLOCKS = YES;
				GCC_OPTIMIZATION_LEVEL = 0;
				GCC_PREPROCESSOR_DEFINITIONS = (
					"DEBUG=1",
					"$(inherited)",
				);
				GCC_WARN_64_TO_32_BIT_CONVERSION = YES;
				GCC_WARN_ABOUT_RETURN_TYPE = YES_ERROR;
				GCC_WARN_UNDECLARED_SELECTOR = YES;
				GCC_WARN_UNINITIALIZED_AUTOS = YES_AGGRESSIVE;
				GCC_WARN_UNUSED_FUNCTION = YES;
				GCC_WARN_UNUSED_VARIABLE = YES;
				IPHONEOS_DEPLOYMENT_TARGET = 11.0;
				MTL_ENABLE_DEBUG_INFO = YES;
				ONLY_ACTIVE_ARCH = YES;
				SDKROOT = iphoneos;
				SWIFT_ACTIVE_COMPILATION_CONDITIONS = DEBUG;
				SWIFT_OPTIMIZATION_LEVEL = "-Onone";
			};
			name = Debug;
		};
		736F9AB81F7AE52E000E9392 /* Release */ = {
			isa = XCBuildConfiguration;
			buildSettings = {
				ALWAYS_SEARCH_USER_PATHS = NO;
				CLANG_ANALYZER_NONNULL = YES;
				CLANG_ANALYZER_NUMBER_OBJECT_CONVERSION = YES_AGGRESSIVE;
				CLANG_CXX_LANGUAGE_STANDARD = "gnu++14";
				CLANG_CXX_LIBRARY = "libc++";
				CLANG_ENABLE_MODULES = YES;
				CLANG_ENABLE_OBJC_ARC = YES;
				CLANG_WARN_BLOCK_CAPTURE_AUTORELEASING = YES;
				CLANG_WARN_BOOL_CONVERSION = YES;
				CLANG_WARN_COMMA = YES;
				CLANG_WARN_CONSTANT_CONVERSION = YES;
				CLANG_WARN_DIRECT_OBJC_ISA_USAGE = YES_ERROR;
				CLANG_WARN_DOCUMENTATION_COMMENTS = YES;
				CLANG_WARN_EMPTY_BODY = YES;
				CLANG_WARN_ENUM_CONVERSION = YES;
				CLANG_WARN_INFINITE_RECURSION = YES;
				CLANG_WARN_INT_CONVERSION = YES;
				CLANG_WARN_NON_LITERAL_NULL_CONVERSION = YES;
				CLANG_WARN_OBJC_LITERAL_CONVERSION = YES;
				CLANG_WARN_OBJC_ROOT_CLASS = YES_ERROR;
				CLANG_WARN_RANGE_LOOP_ANALYSIS = YES;
				CLANG_WARN_STRICT_PROTOTYPES = YES;
				CLANG_WARN_SUSPICIOUS_MOVE = YES;
				CLANG_WARN_UNGUARDED_AVAILABILITY = YES_AGGRESSIVE;
				CLANG_WARN_UNREACHABLE_CODE = YES;
				CLANG_WARN__DUPLICATE_METHOD_MATCH = YES;
				CODE_SIGN_IDENTITY = "iPhone Developer";
				COPY_PHASE_STRIP = NO;
				DEBUG_INFORMATION_FORMAT = "dwarf-with-dsym";
				ENABLE_NS_ASSERTIONS = NO;
				ENABLE_STRICT_OBJC_MSGSEND = YES;
				GCC_C_LANGUAGE_STANDARD = gnu11;
				GCC_NO_COMMON_BLOCKS = YES;
				GCC_WARN_64_TO_32_BIT_CONVERSION = YES;
				GCC_WARN_ABOUT_RETURN_TYPE = YES_ERROR;
				GCC_WARN_UNDECLARED_SELECTOR = YES;
				GCC_WARN_UNINITIALIZED_AUTOS = YES_AGGRESSIVE;
				GCC_WARN_UNUSED_FUNCTION = YES;
				GCC_WARN_UNUSED_VARIABLE = YES;
				IPHONEOS_DEPLOYMENT_TARGET = 11.0;
				MTL_ENABLE_DEBUG_INFO = NO;
				SDKROOT = iphoneos;
				SWIFT_OPTIMIZATION_LEVEL = "-Owholemodule";
				VALIDATE_PRODUCT = YES;
			};
			name = Release;
		};
		736F9ABA1F7AE52E000E9392 /* Debug */ = {
			isa = XCBuildConfiguration;
			buildSettings = {
				ASSETCATALOG_COMPILER_APPICON_NAME = AppIcon;
				CODE_SIGN_STYLE = Automatic;
				INFOPLIST_FILE = "Postcard 2/Info.plist";
				LD_RUNPATH_SEARCH_PATHS = "$(inherited) @executable_path/Frameworks";
				PRODUCT_BUNDLE_IDENTIFIER = "net.studioresearch.Postcard-2";
				PRODUCT_NAME = "$(TARGET_NAME)";
				SWIFT_VERSION = 4.0;
				TARGETED_DEVICE_FAMILY = "1,2";
			};
			name = Debug;
		};
		736F9ABB1F7AE52E000E9392 /* Release */ = {
			isa = XCBuildConfiguration;
			buildSettings = {
				ASSETCATALOG_COMPILER_APPICON_NAME = AppIcon;
				CODE_SIGN_STYLE = Automatic;
				INFOPLIST_FILE = "Postcard 2/Info.plist";
				LD_RUNPATH_SEARCH_PATHS = "$(inherited) @executable_path/Frameworks";
				PRODUCT_BUNDLE_IDENTIFIER = "net.studioresearch.Postcard-2";
				PRODUCT_NAME = "$(TARGET_NAME)";
				SWIFT_VERSION = 4.0;
				TARGETED_DEVICE_FAMILY = "1,2";
			};
			name = Release;
		};
		736F9ABD1F7AE52E000E9392 /* Debug */ = {
			isa = XCBuildConfiguration;
			buildSettings = {
				ALWAYS_EMBED_SWIFT_STANDARD_LIBRARIES = YES;
				BUNDLE_LOADER = "$(TEST_HOST)";
				CODE_SIGN_STYLE = Automatic;
				INFOPLIST_FILE = "Postcard 2Tests/Info.plist";
				LD_RUNPATH_SEARCH_PATHS = "$(inherited) @executable_path/Frameworks @loader_path/Frameworks";
				PRODUCT_BUNDLE_IDENTIFIER = "net.studioresearch.Postcard-2Tests";
				PRODUCT_NAME = "$(TARGET_NAME)";
				SWIFT_VERSION = 4.0;
				TARGETED_DEVICE_FAMILY = "1,2";
				TEST_HOST = "$(BUILT_PRODUCTS_DIR)/Postcard 2.app/Postcard 2";
			};
			name = Debug;
		};
		736F9ABE1F7AE52E000E9392 /* Release */ = {
			isa = XCBuildConfiguration;
			buildSettings = {
				ALWAYS_EMBED_SWIFT_STANDARD_LIBRARIES = YES;
				BUNDLE_LOADER = "$(TEST_HOST)";
				CODE_SIGN_STYLE = Automatic;
				INFOPLIST_FILE = "Postcard 2Tests/Info.plist";
				LD_RUNPATH_SEARCH_PATHS = "$(inherited) @executable_path/Frameworks @loader_path/Frameworks";
				PRODUCT_BUNDLE_IDENTIFIER = "net.studioresearch.Postcard-2Tests";
				PRODUCT_NAME = "$(TARGET_NAME)";
				SWIFT_VERSION = 4.0;
				TARGETED_DEVICE_FAMILY = "1,2";
				TEST_HOST = "$(BUILT_PRODUCTS_DIR)/Postcard 2.app/Postcard 2";
			};
			name = Release;
		};
		736F9AC01F7AE52E000E9392 /* Debug */ = {
			isa = XCBuildConfiguration;
			buildSettings = {
				ALWAYS_EMBED_SWIFT_STANDARD_LIBRARIES = YES;
				CODE_SIGN_STYLE = Automatic;
				INFOPLIST_FILE = "Postcard 2UITests/Info.plist";
				LD_RUNPATH_SEARCH_PATHS = "$(inherited) @executable_path/Frameworks @loader_path/Frameworks";
				PRODUCT_BUNDLE_IDENTIFIER = "net.studioresearch.Postcard-2UITests";
				PRODUCT_NAME = "$(TARGET_NAME)";
				SWIFT_VERSION = 4.0;
				TARGETED_DEVICE_FAMILY = "1,2";
				TEST_TARGET_NAME = "Postcard 2";
			};
			name = Debug;
		};
		736F9AC11F7AE52E000E9392 /* Release */ = {
			isa = XCBuildConfiguration;
			buildSettings = {
				ALWAYS_EMBED_SWIFT_STANDARD_LIBRARIES = YES;
				CODE_SIGN_STYLE = Automatic;
				INFOPLIST_FILE = "Postcard 2UITests/Info.plist";
				LD_RUNPATH_SEARCH_PATHS = "$(inherited) @executable_path/Frameworks @loader_path/Frameworks";
				PRODUCT_BUNDLE_IDENTIFIER = "net.studioresearch.Postcard-2UITests";
				PRODUCT_NAME = "$(TARGET_NAME)";
				SWIFT_VERSION = 4.0;
				TARGETED_DEVICE_FAMILY = "1,2";
				TEST_TARGET_NAME = "Postcard 2";
			};
			name = Release;
		};
/* End XCBuildConfiguration section */

/* Begin XCConfigurationList section */
		736F9A8C1F7AE52E000E9392 /* Build configuration list for PBXProject "Postcard 2" */ = {
			isa = XCConfigurationList;
			buildConfigurations = (
				736F9AB71F7AE52E000E9392 /* Debug */,
				736F9AB81F7AE52E000E9392 /* Release */,
			);
			defaultConfigurationIsVisible = 0;
			defaultConfigurationName = Release;
		};
		736F9AB91F7AE52E000E9392 /* Build configuration list for PBXNativeTarget "Postcard 2" */ = {
			isa = XCConfigurationList;
			buildConfigurations = (
				736F9ABA1F7AE52E000E9392 /* Debug */,
				736F9ABB1F7AE52E000E9392 /* Release */,
			);
			defaultConfigurationIsVisible = 0;
			defaultConfigurationName = Release;
		};
		736F9ABC1F7AE52E000E9392 /* Build configuration list for PBXNativeTarget "Postcard 2Tests" */ = {
			isa = XCConfigurationList;
			buildConfigurations = (
				736F9ABD1F7AE52E000E9392 /* Debug */,
				736F9ABE1F7AE52E000E9392 /* Release */,
			);
			defaultConfigurationIsVisible = 0;
			defaultConfigurationName = Release;
		};
		736F9ABF1F7AE52E000E9392 /* Build configuration list for PBXNativeTarget "Postcard 2UITests" */ = {
			isa = XCConfigurationList;
			buildConfigurations = (
				736F9AC01F7AE52E000E9392 /* Debug */,
				736F9AC11F7AE52E000E9392 /* Release */,
			);
			defaultConfigurationIsVisible = 0;
			defaultConfigurationName = Release;
		};
/* End XCConfigurationList section */
	};
	rootObject = 736F9A891F7AE52E000E9392 /* Project object */;
}
